# sources.lock — pinned source archives for the GnuPG Windows ARM64 build
# Format: archive|url|sha256|builds|dir
#
#   builds  comma-separated tags: main (gnupg suite)
#   dir     target directory name after extraction
#
# gnupg.org packages also carry detached GPG signatures (.tar.bz2.sig).
# Download scripts verify both SHA256 (from this file) and the GPG signature
# (using keys/gnupg-release.asc, pinned in this repo).
#
# SHA256 values sourced from https://gnupg.org/download/integrity_check.html
# and https://zlib.net — committed here as the source of truth.
#
# PLACEHOLDER entries must be populated by running tools/update-checksums.sh
# before the first build.

gnupg-2.5.21.tar.bz2|https://gnupg.org/ftp/gcrypt/gnupg/gnupg-2.5.21.tar.bz2|e3af2c8caa46a66a9329fa7c6880af260451914d819595beabc2c26597b31352|main|gnupg
libgpg-error-1.61.tar.bz2|https://gnupg.org/ftp/gcrypt/gpgrt/libgpg-error-1.61.tar.bz2|7a85413f2bc354f4f8aa832b718af122e48965e9e0eb9012ee659c13c6385c93|main|libgpg-error
libgcrypt-1.12.2.tar.bz2|https://gnupg.org/ftp/gcrypt/libgcrypt/libgcrypt-1.12.2.tar.bz2|7ce33c2492221a0436f96a8500215e9f3e3dcb5fd26a757cd415e7a843babd5e|main|libgcrypt
libassuan-3.0.2.tar.bz2|https://gnupg.org/ftp/gcrypt/libassuan/libassuan-3.0.2.tar.bz2|d2931cdad266e633510f9970e1a2f346055e351bb19f9b78912475b8074c36f6|main|libassuan
libksba-1.8.0.tar.bz2|https://gnupg.org/ftp/gcrypt/libksba/libksba-1.8.0.tar.bz2|296b9db9095749f2aa104202d7ab7fd09ad10710e00780a709c9754b1a1d9292|main|libksba
npth-1.8.tar.bz2|https://gnupg.org/ftp/gcrypt/npth/npth-1.8.tar.bz2|8bd24b4f23a3065d6e5b26e98aba9ce783ea4fd781069c1b35d149694e90ca3e|main|npth
pinentry-1.3.3.tar.bz2|https://gnupg.org/ftp/gcrypt/pinentry/pinentry-1.3.3.tar.bz2|c2970f16d6afb66ecddfca767d743936c86239bff936eed7fd7597a678414b63|main|pinentry
ntbtls-0.3.2.tar.bz2|https://gnupg.org/ftp/gcrypt/ntbtls/ntbtls-0.3.2.tar.bz2|bdfcb99024acec9c6c4b998ad63bb3921df4cfee4a772ad6c0ca324dbbf2b07c|main|ntbtls
sqlite-autoconf-3530400.tar.gz|https://www.sqlite.org/2026/sqlite-autoconf-3530400.tar.gz|0e9483900e92cd5de8fd48d16bf9200145a61f7fd5be542a5ac81d8a9516eb9c|main|sqlite
zlib-1.3.2.tar.gz|https://github.com/madler/zlib/releases/download/v1.3.2/zlib-1.3.2.tar.gz|bb329a0a2cd0274d05519d61c667c062e06990d72e125ee2dfa8de64f0119d16|main|zlib
gpgme-2.1.2.tar.bz2|https://gnupg.org/ftp/gcrypt/gpgme/gpgme-2.1.2.tar.bz2|0687a95b299871c4141f507c0f740de6b429c9ac067d0fa4e062e3264df5fb77|main|gpgme
