# toolchain.lock — pinned llvm-mingw cross-compiler toolchain
# Format: archive|url|sha256
#
# This file is COPY'd as its own Docker layer so that bumping GnuPG or other
# source versions in sources.lock does not invalidate the cached compiler layer.
# Update this file (and LLVM_MINGW_VERSION in Dockerfile) together when
# upgrading the toolchain.
#
# SHA256 values computed from the official GitHub release assets.

llvm-mingw-20260616-ucrt-ubuntu-22.04-x86_64.tar.xz|https://github.com/mstorsjo/llvm-mingw/releases/download/20260616/llvm-mingw-20260616-ucrt-ubuntu-22.04-x86_64.tar.xz|534b92e067b22a6b4441f48ae9240a3341b17825d04d577eab0cf85c44b4deda
llvm-mingw-20260616-ucrt-ubuntu-22.04-aarch64.tar.xz|https://github.com/mstorsjo/llvm-mingw/releases/download/20260616/llvm-mingw-20260616-ucrt-ubuntu-22.04-aarch64.tar.xz|e7e5d135d93d3f2a3beaaea633a5b0e66ac75391a53feae654391913dd76102b
